
Microsoft Visual Studio Solution File, Format Version 12.00
# Visual Studio 15
VisualStudioVersion = 15.0.26621.2
MinimumVisualStudioVersion = 10.0.40219.1
Project("{2150E333-8FDC-42A3-9474-1A3956D46DE8}") = "src", "src", "{2D805782-756E-4C98-B22E-F502BEE95318}"
EndProject
Project("{2150E333-8FDC-42A3-9474-1A3956D46DE8}") = "Solution Items", "Solution Items", "{31A4DDB1-952E-4EED-96EF-29C669279A86}"
	ProjectSection(SolutionItems) = preProject
		.travis.yml = .travis.yml
		AppMetrics.ruleset = AppMetrics.ruleset
		appveyor.yml = appveyor.yml
		stylecop.json = stylecop.json
		version.props = version.props
	EndProjectSection
EndProject
Project("{2150E333-8FDC-42A3-9474-1A3956D46DE8}") = "test", "test", "{DD2E4647-7125-4CE3-9BA5-B45A26113A31}"
EndProject
Project("{2150E333-8FDC-42A3-9474-1A3956D46DE8}") = "Cake", "Cake", "{E1A943F7-5493-4B64-A448-3E9EEA582E20}"
	ProjectSection(SolutionItems) = preProject
		build.cake = build.cake
		build.ps1 = build.ps1
		build.sh = build.sh
		build_travis.sh = build_travis.sh
		tools\packages.config = tools\packages.config
	EndProjectSection
EndProject
Project("{2150E333-8FDC-42A3-9474-1A3956D46DE8}") = "Git", "Git", "{4199989A-27B6-4A6A-99C2-1AF6B01DA5EB}"
	ProjectSection(SolutionItems) = preProject
		GitReleaseManager.yaml = GitReleaseManager.yaml
		ISSUE_TEMPLATE.md = ISSUE_TEMPLATE.md
		PULL_REQUEST_TEMPLATE.md = PULL_REQUEST_TEMPLATE.md
		README.md = README.md
	EndProjectSection
EndProject
Project("{9A19103F-16F7-4668-BE54-9A1E7A4F7556}") = "App.Metrics.Reporting.Console", "src\App.Metrics.Reporting.Console\App.Metrics.Reporting.Console.csproj", "{2017C0A4-7CBE-4834-A5EA-D8D9C7E37698}"
EndProject
Project("{9A19103F-16F7-4668-BE54-9A1E7A4F7556}") = "App.Metrics.Reporting.TextFile", "src\App.Metrics.Reporting.TextFile\App.Metrics.Reporting.TextFile.csproj", "{2B01FDF8-8E73-4904-9B2C-5BFA505BFF5F}"
EndProject
Project("{2150E333-8FDC-42A3-9474-1A3956D46DE8}") = "sandbox", "sandbox", "{887BC5A0-8ED7-4460-851D-5EFC4AE828DE}"
EndProject
Project("{9A19103F-16F7-4668-BE54-9A1E7A4F7556}") = "AppMetrics.Reporters.Sandbox", "sandbox\AppMetrics.Reporters.Sandbox\AppMetrics.Reporters.Sandbox.csproj", "{49AEEE52-A435-478A-81CB-84A88512EAFF}"
EndProject
Project("{2150E333-8FDC-42A3-9474-1A3956D46DE8}") = "build", "build", "{82BE5E48-3A8F-4B09-8A3A-03448C6D2B4D}"
	ProjectSection(SolutionItems) = preProject
		build\common.props = build\common.props
		build\dependencies.props = build\dependencies.props
	EndProjectSection
EndProject
Project("{9A19103F-16F7-4668-BE54-9A1E7A4F7556}") = "App.Metrics.Reporting.Http", "src\App.Metrics.Reporting.Http\App.Metrics.Reporting.Http.csproj", "{A4FCA5FE-5866-419D-B2BE-AAF31751C476}"
EndProject
Project("{9A19103F-16F7-4668-BE54-9A1E7A4F7556}") = "App.Metrics.Reporting", "src\App.Metrics.Reporting\App.Metrics.Reporting.csproj", "{0303CC39-B3D8-4668-8331-B698ACD37602}"
EndProject
Project("{9A19103F-16F7-4668-BE54-9A1E7A4F7556}") = "App.Metrics.Reporting.Facts", "test\App.Metrics.Reporting.Facts\App.Metrics.Reporting.Facts.csproj", "{2DF010CC-9CA3-4D85-9469-F0F3ABAA2A8A}"
EndProject
Project("{9A19103F-16F7-4668-BE54-9A1E7A4F7556}") = "App.Metrics.Reporting.Abstractions", "src\App.Metrics.Reporting.Abstractions\App.Metrics.Reporting.Abstractions.csproj", "{AF9F8AEC-1961-4CEA-8F8B-AFE0132CE7C7}"
EndProject
Global
	GlobalSection(SolutionConfigurationPlatforms) = preSolution
		Debug|Any CPU = Debug|Any CPU
		Release|Any CPU = Release|Any CPU
	EndGlobalSection
	GlobalSection(ProjectConfigurationPlatforms) = postSolution
		{2017C0A4-7CBE-4834-A5EA-D8D9C7E37698}.Debug|Any CPU.ActiveCfg = Debug|Any CPU
		{2017C0A4-7CBE-4834-A5EA-D8D9C7E37698}.Debug|Any CPU.Build.0 = Debug|Any CPU
		{2017C0A4-7CBE-4834-A5EA-D8D9C7E37698}.Release|Any CPU.ActiveCfg = Release|Any CPU
		{2017C0A4-7CBE-4834-A5EA-D8D9C7E37698}.Release|Any CPU.Build.0 = Release|Any CPU
		{2B01FDF8-8E73-4904-9B2C-5BFA505BFF5F}.Debug|Any CPU.ActiveCfg = Debug|Any CPU
		{2B01FDF8-8E73-4904-9B2C-5BFA505BFF5F}.Debug|Any CPU.Build.0 = Debug|Any CPU
		{2B01FDF8-8E73-4904-9B2C-5BFA505BFF5F}.Release|Any CPU.ActiveCfg = Release|Any CPU
		{2B01FDF8-8E73-4904-9B2C-5BFA505BFF5F}.Release|Any CPU.Build.0 = Release|Any CPU
		{49AEEE52-A435-478A-81CB-84A88512EAFF}.Debug|Any CPU.ActiveCfg = Debug|Any CPU
		{49AEEE52-A435-478A-81CB-84A88512EAFF}.Debug|Any CPU.Build.0 = Debug|Any CPU
		{49AEEE52-A435-478A-81CB-84A88512EAFF}.Release|Any CPU.ActiveCfg = Release|Any CPU
		{49AEEE52-A435-478A-81CB-84A88512EAFF}.Release|Any CPU.Build.0 = Release|Any CPU
		{A4FCA5FE-5866-419D-B2BE-AAF31751C476}.Debug|Any CPU.ActiveCfg = Debug|Any CPU
		{A4FCA5FE-5866-419D-B2BE-AAF31751C476}.Debug|Any CPU.Build.0 = Debug|Any CPU
		{A4FCA5FE-5866-419D-B2BE-AAF31751C476}.Release|Any CPU.ActiveCfg = Release|Any CPU
		{A4FCA5FE-5866-419D-B2BE-AAF31751C476}.Release|Any CPU.Build.0 = Release|Any CPU
		{0303CC39-B3D8-4668-8331-B698ACD37602}.Debug|Any CPU.ActiveCfg = Debug|Any CPU
		{0303CC39-B3D8-4668-8331-B698ACD37602}.Debug|Any CPU.Build.0 = Debug|Any CPU
		{0303CC39-B3D8-4668-8331-B698ACD37602}.Release|Any CPU.ActiveCfg = Release|Any CPU
		{0303CC39-B3D8-4668-8331-B698ACD37602}.Release|Any CPU.Build.0 = Release|Any CPU
		{2DF010CC-9CA3-4D85-9469-F0F3ABAA2A8A}.Debug|Any CPU.ActiveCfg = Debug|Any CPU
		{2DF010CC-9CA3-4D85-9469-F0F3ABAA2A8A}.Debug|Any CPU.Build.0 = Debug|Any CPU
		{2DF010CC-9CA3-4D85-9469-F0F3ABAA2A8A}.Release|Any CPU.ActiveCfg = Release|Any CPU
		{2DF010CC-9CA3-4D85-9469-F0F3ABAA2A8A}.Release|Any CPU.Build.0 = Release|Any CPU
		{AF9F8AEC-1961-4CEA-8F8B-AFE0132CE7C7}.Debug|Any CPU.ActiveCfg = Debug|Any CPU
		{AF9F8AEC-1961-4CEA-8F8B-AFE0132CE7C7}.Debug|Any CPU.Build.0 = Debug|Any CPU
		{AF9F8AEC-1961-4CEA-8F8B-AFE0132CE7C7}.Release|Any CPU.ActiveCfg = Release|Any CPU
		{AF9F8AEC-1961-4CEA-8F8B-AFE0132CE7C7}.Release|Any CPU.Build.0 = Release|Any CPU
	EndGlobalSection
	GlobalSection(SolutionProperties) = preSolution
		HideSolutionNode = FALSE
	EndGlobalSection
	GlobalSection(NestedProjects) = preSolution
		{E1A943F7-5493-4B64-A448-3E9EEA582E20} = {31A4DDB1-952E-4EED-96EF-29C669279A86}
		{4199989A-27B6-4A6A-99C2-1AF6B01DA5EB} = {31A4DDB1-952E-4EED-96EF-29C669279A86}
		{2017C0A4-7CBE-4834-A5EA-D8D9C7E37698} = {2D805782-756E-4C98-B22E-F502BEE95318}
		{2B01FDF8-8E73-4904-9B2C-5BFA505BFF5F} = {2D805782-756E-4C98-B22E-F502BEE95318}
		{49AEEE52-A435-478A-81CB-84A88512EAFF} = {887BC5A0-8ED7-4460-851D-5EFC4AE828DE}
		{82BE5E48-3A8F-4B09-8A3A-03448C6D2B4D} = {31A4DDB1-952E-4EED-96EF-29C669279A86}
		{A4FCA5FE-5866-419D-B2BE-AAF31751C476} = {2D805782-756E-4C98-B22E-F502BEE95318}
		{0303CC39-B3D8-4668-8331-B698ACD37602} = {2D805782-756E-4C98-B22E-F502BEE95318}
		{2DF010CC-9CA3-4D85-9469-F0F3ABAA2A8A} = {DD2E4647-7125-4CE3-9BA5-B45A26113A31}
		{AF9F8AEC-1961-4CEA-8F8B-AFE0132CE7C7} = {2D805782-756E-4C98-B22E-F502BEE95318}
	EndGlobalSection
	GlobalSection(ExtensibilityGlobals) = postSolution
		SolutionGuid = {492C97B1-706A-4357-B3F7-EFB6AFB1F6C6}
	EndGlobalSection
EndGlobal
